
Microsoft Visual Studio Solution File, Format Version 12.00
# Visual Studio 15
VisualStudioVersion = 15.0.26403.0
MinimumVisualStudioVersion = 10.0.40219.1
Project("{FAE04EC0-301F-11D3-BF4B-00C04F79EFBC}") = "MyCustomLinkedList", "MyCustomLinkedList\MyCustomLinkedList.csproj", "{6D622849-4D0F-4DB2-ACA1-811888EB1C3F}"
EndProject
Project("{FAE04EC0-301F-11D3-BF4B-00C04F79EFBC}") = "MyCustomStack", "MyCustomStack\MyCustomStack.csproj", "{21DE8D4F-0A3A-4C9C-B851-293BFB311A23}"
EndProject
Project("{FAE04EC0-301F-11D3-BF4B-00C04F79EFBC}") = "MyCustomQueue", "MyCustomQueue\MyCustomQueue.csproj", "{0200A2C4-FFB5-4854-A3E0-D6E6825EEFD8}"
EndProject
Project("{FAE04EC0-301F-11D3-BF4B-00C04F79EFBC}") = "Startup", "Startup\Startup.csproj", "{7D97BF11-FE18-4460-ADDC-52D9CB66B1EB}"
EndProject
Global
	GlobalSection(SolutionConfigurationPlatforms) = preSolution
		Debug|Any CPU = Debug|Any CPU
		Release|Any CPU = Release|Any CPU
	EndGlobalSection
	GlobalSection(ProjectConfigurationPlatforms) = postSolution
		{6D622849-4D0F-4DB2-ACA1-811888EB1C3F}.Debug|Any CPU.ActiveCfg = Debug|Any CPU
		{6D622849-4D0F-4DB2-ACA1-811888EB1C3F}.Debug|Any CPU.Build.0 = Debug|Any CPU
		{6D622849-4D0F-4DB2-ACA1-811888EB1C3F}.Release|Any CPU.ActiveCfg = Release|Any CPU
		{6D622849-4D0F-4DB2-ACA1-811888EB1C3F}.Release|Any CPU.Build.0 = Release|Any CPU
		{21DE8D4F-0A3A-4C9C-B851-293BFB311A23}.Debug|Any CPU.ActiveCfg = Debug|Any CPU
		{21DE8D4F-0A3A-4C9C-B851-293BFB311A23}.Debug|Any CPU.Build.0 = Debug|Any CPU
		{21DE8D4F-0A3A-4C9C-B851-293BFB311A23}.Release|Any CPU.ActiveCfg = Release|Any CPU
		{21DE8D4F-0A3A-4C9C-B851-293BFB311A23}.Release|Any CPU.Build.0 = Release|Any CPU
		{0200A2C4-FFB5-4854-A3E0-D6E6825EEFD8}.Debug|Any CPU.ActiveCfg = Debug|Any CPU
		{0200A2C4-FFB5-4854-A3E0-D6E6825EEFD8}.Debug|Any CPU.Build.0 = Debug|Any CPU
		{0200A2C4-FFB5-4854-A3E0-D6E6825EEFD8}.Release|Any CPU.ActiveCfg = Release|Any CPU
		{0200A2C4-FFB5-4854-A3E0-D6E6825EEFD8}.Release|Any CPU.Build.0 = Release|Any CPU
		{7D97BF11-FE18-4460-ADDC-52D9CB66B1EB}.Debug|Any CPU.ActiveCfg = Debug|Any CPU
		{7D97BF11-FE18-4460-ADDC-52D9CB66B1EB}.Debug|Any CPU.Build.0 = Debug|Any CPU
		{7D97BF11-FE18-4460-ADDC-52D9CB66B1EB}.Release|Any CPU.ActiveCfg = Release|Any CPU
		{7D97BF11-FE18-4460-ADDC-52D9CB66B1EB}.Release|Any CPU.Build.0 = Release|Any CPU
	EndGlobalSection
	GlobalSection(SolutionProperties) = preSolution
		HideSolutionNode = FALSE
	EndGlobalSection
EndGlobal
